
Microsoft Visual Studio Solution File, Format Version 12.00
# Visual Studio Version 16
VisualStudioVersion = 16.0.31105.61
MinimumVisualStudioVersion = 10.0.40219.1
Project("{FAE04EC0-301F-11D3-BF4B-00C04F79EFBC}") = "SafeBattery", "SafeBattery\SafeBattery.csproj", "{4ED7CA50-ACDB-45DB-9AA3-718744360838}"
EndProject
Global
	GlobalSection(SolutionConfigurationPlatforms) = preSolution
		Debug|Any CPU = Debug|Any CPU
		Release|Any CPU = Release|Any CPU
	EndGlobalSection
	GlobalSection(ProjectConfigurationPlatforms) = postSolution
		{4ED7CA50-ACDB-45DB-9AA3-718744360838}.Debug|Any CPU.ActiveCfg = Debug|Any CPU
		{4ED7CA50-ACDB-45DB-9AA3-718744360838}.Debug|Any CPU.Build.0 = Debug|Any CPU
		{4ED7CA50-ACDB-45DB-9AA3-718744360838}.Release|Any CPU.ActiveCfg = Release|Any CPU
		{4ED7CA50-ACDB-45DB-9AA3-718744360838}.Release|Any CPU.Build.0 = Release|Any CPU
	EndGlobalSection
	GlobalSection(SolutionProperties) = preSolution
		HideSolutionNode = FALSE
	EndGlobalSection
	GlobalSection(ExtensibilityGlobals) = postSolution
		SolutionGuid = {C790167B-0B68-4220-BB28-478C1BA3DFC5}
	EndGlobalSection
EndGlobal
